
Microsoft Visual Studio Solution File, Format Version 12.00
# Visual Studio Version 17
VisualStudioVersion = 17.8.34525.116
MinimumVisualStudioVersion = 10.0.40219.1
Project("{FAE04EC0-301F-11D3-BF4B-00C04F79EFBC}") = "NGOKBoteConstructor.UWP", "NGOKBoteConstructor\NGOKBoteConstructor.UWP\NGOKBoteConstructor.UWP.csproj", "{4E2F5983-021B-4CAA-957B-C63B6501EFE4}"
EndProject
Project("{FAE04EC0-301F-11D3-BF4B-00C04F79EFBC}") = "NGOKBoteConstructor", "NGOKBoteConstructor\NGOKBoteConstructor\NGOKBoteConstructor.csproj", "{8207858A-5A38-4D90-8148-A7953B27E85D}"
EndProject
Global
	GlobalSection(SolutionConfigurationPlatforms) = preSolution
		Debug|Any CPU = Debug|Any CPU
		Debug|ARM = Debug|ARM
		Debug|x64 = Debug|x64
		Debug|x86 = Debug|x86
		Release|Any CPU = Release|Any CPU
		Release|ARM = Release|ARM
		Release|x64 = Release|x64
		Release|x86 = Release|x86
	EndGlobalSection
	GlobalSection(ProjectConfigurationPlatforms) = postSolution
		{4E2F5983-021B-4CAA-957B-C63B6501EFE4}.Debug|Any CPU.ActiveCfg = Debug|x64
		{4E2F5983-021B-4CAA-957B-C63B6501EFE4}.Debug|Any CPU.Build.0 = Debug|x64
		{4E2F5983-021B-4CAA-957B-C63B6501EFE4}.Debug|Any CPU.Deploy.0 = Debug|x64
		{4E2F5983-021B-4CAA-957B-C63B6501EFE4}.Debug|ARM.ActiveCfg = Debug|ARM
		{4E2F5983-021B-4CAA-957B-C63B6501EFE4}.Debug|ARM.Build.0 = Debug|ARM
		{4E2F5983-021B-4CAA-957B-C63B6501EFE4}.Debug|ARM.Deploy.0 = Debug|ARM
		{4E2F5983-021B-4CAA-957B-C63B6501EFE4}.Debug|x64.ActiveCfg = Debug|x64
		{4E2F5983-021B-4CAA-957B-C63B6501EFE4}.Debug|x64.Build.0 = Debug|x64
		{4E2F5983-021B-4CAA-957B-C63B6501EFE4}.Debug|x64.Deploy.0 = Debug|x64
		{4E2F5983-021B-4CAA-957B-C63B6501EFE4}.Debug|x86.ActiveCfg = Debug|x86
		{4E2F5983-021B-4CAA-957B-C63B6501EFE4}.Debug|x86.Build.0 = Debug|x86
		{4E2F5983-021B-4CAA-957B-C63B6501EFE4}.Debug|x86.Deploy.0 = Debug|x86
		{4E2F5983-021B-4CAA-957B-C63B6501EFE4}.Release|Any CPU.ActiveCfg = Release|x64
		{4E2F5983-021B-4CAA-957B-C63B6501EFE4}.Release|Any CPU.Build.0 = Release|x64
		{4E2F5983-021B-4CAA-957B-C63B6501EFE4}.Release|Any CPU.Deploy.0 = Release|x64
		{4E2F5983-021B-4CAA-957B-C63B6501EFE4}.Release|ARM.ActiveCfg = Release|ARM
		{4E2F5983-021B-4CAA-957B-C63B6501EFE4}.Release|ARM.Build.0 = Release|ARM
		{4E2F5983-021B-4CAA-957B-C63B6501EFE4}.Release|ARM.Deploy.0 = Release|ARM
		{4E2F5983-021B-4CAA-957B-C63B6501EFE4}.Release|x64.ActiveCfg = Release|x64
		{4E2F5983-021B-4CAA-957B-C63B6501EFE4}.Release|x64.Build.0 = Release|x64
		{4E2F5983-021B-4CAA-957B-C63B6501EFE4}.Release|x64.Deploy.0 = Release|x64
		{4E2F5983-021B-4CAA-957B-C63B6501EFE4}.Release|x86.ActiveCfg = Release|x86
		{4E2F5983-021B-4CAA-957B-C63B6501EFE4}.Release|x86.Build.0 = Release|x86
		{4E2F5983-021B-4CAA-957B-C63B6501EFE4}.Release|x86.Deploy.0 = Release|x86
		{8207858A-5A38-4D90-8148-A7953B27E85D}.Debug|Any CPU.ActiveCfg = Debug|Any CPU
		{8207858A-5A38-4D90-8148-A7953B27E85D}.Debug|Any CPU.Build.0 = Debug|Any CPU
		{8207858A-5A38-4D90-8148-A7953B27E85D}.Debug|Any CPU.Deploy.0 = Debug|Any CPU
		{8207858A-5A38-4D90-8148-A7953B27E85D}.Debug|ARM.ActiveCfg = Debug|Any CPU
		{8207858A-5A38-4D90-8148-A7953B27E85D}.Debug|ARM.Build.0 = Debug|Any CPU
		{8207858A-5A38-4D90-8148-A7953B27E85D}.Debug|ARM.Deploy.0 = Debug|Any CPU
		{8207858A-5A38-4D90-8148-A7953B27E85D}.Debug|x64.ActiveCfg = Debug|Any CPU
		{8207858A-5A38-4D90-8148-A7953B27E85D}.Debug|x64.Build.0 = Debug|Any CPU
		{8207858A-5A38-4D90-8148-A7953B27E85D}.Debug|x64.Deploy.0 = Debug|Any CPU
		{8207858A-5A38-4D90-8148-A7953B27E85D}.Debug|x86.ActiveCfg = Debug|Any CPU
		{8207858A-5A38-4D90-8148-A7953B27E85D}.Debug|x86.Build.0 = Debug|Any CPU
		{8207858A-5A38-4D90-8148-A7953B27E85D}.Debug|x86.Deploy.0 = Debug|Any CPU
		{8207858A-5A38-4D90-8148-A7953B27E85D}.Release|Any CPU.ActiveCfg = Release|Any CPU
		{8207858A-5A38-4D90-8148-A7953B27E85D}.Release|Any CPU.Build.0 = Release|Any CPU
		{8207858A-5A38-4D90-8148-A7953B27E85D}.Release|Any CPU.Deploy.0 = Release|Any CPU
		{8207858A-5A38-4D90-8148-A7953B27E85D}.Release|ARM.ActiveCfg = Release|Any CPU
		{8207858A-5A38-4D90-8148-A7953B27E85D}.Release|ARM.Build.0 = Release|Any CPU
		{8207858A-5A38-4D90-8148-A7953B27E85D}.Release|ARM.Deploy.0 = Release|Any CPU
		{8207858A-5A38-4D90-8148-A7953B27E85D}.Release|x64.ActiveCfg = Release|Any CPU
		{8207858A-5A38-4D90-8148-A7953B27E85D}.Release|x64.Build.0 = Release|Any CPU
		{8207858A-5A38-4D90-8148-A7953B27E85D}.Release|x64.Deploy.0 = Release|Any CPU
		{8207858A-5A38-4D90-8148-A7953B27E85D}.Release|x86.ActiveCfg = Release|Any CPU
		{8207858A-5A38-4D90-8148-A7953B27E85D}.Release|x86.Build.0 = Release|Any CPU
		{8207858A-5A38-4D90-8148-A7953B27E85D}.Release|x86.Deploy.0 = Release|Any CPU
	EndGlobalSection
	GlobalSection(SolutionProperties) = preSolution
		HideSolutionNode = FALSE
	EndGlobalSection
	GlobalSection(ExtensibilityGlobals) = postSolution
		SolutionGuid = {290D311B-B2C9-40FC-AC65-DB3A074B99EC}
	EndGlobalSection
EndGlobal
